
Microsoft Visual Studio Solution File, Format Version 12.00
# Visual Studio 15
VisualStudioVersion = 15.0.28010.2003
MinimumVisualStudioVersion = 10.0.40219.1
Project("{FAE04EC0-301F-11D3-BF4B-00C04F79EFBC}") = "ConnectionBridgeClient", "ConnectionBridgeClient\ConnectionBridgeClient\ConnectionBridgeClient.csproj", "{EE8D82CF-16DA-4D0D-B619-2D13AF2D0188}"
EndProject
Project("{2150E333-8FDC-42A3-9474-1A3956D46DE8}") = "Framework", "Framework", "{3B22AA72-704A-4888-BA4C-A144FB3A9E1B}"
EndProject
Project("{FAE04EC0-301F-11D3-BF4B-00C04F79EFBC}") = "CommunicationManager", "Framework\CommunicationManager\CommunicationManager\CommunicationManager.csproj", "{52D30C45-33C7-40F6-BDAC-4A0F27FCBDE2}"
EndProject
Project("{FAE04EC0-301F-11D3-BF4B-00C04F79EFBC}") = "DataStructures", "Framework\DataStructures\DataStructures\DataStructures.csproj", "{D32BA6C1-A167-4E95-ADF6-7C631981F167}"
EndProject
Project("{FAE04EC0-301F-11D3-BF4B-00C04F79EFBC}") = "TCPServer", "ConnectionBridgeServer\TCPServer\TCPServer\TCPServer.csproj", "{9E02A300-633C-4CEE-8378-1A8835F90C7C}"
EndProject
Project("{FAE04EC0-301F-11D3-BF4B-00C04F79EFBC}") = "TestHost", "ConnectionBridgeServer\TestHost\TestHost\TestHost.csproj", "{0134AADB-B648-46E0-AD08-EBEFD9A74698}"
EndProject
Project("{FAE04EC0-301F-11D3-BF4B-00C04F79EFBC}") = "TestClient", "ConnectionBridgeClient\TestClient\TestClient.csproj", "{5F18ACD1-18CA-4BF8-9A93-1490750790CA}"
EndProject
Project("{2150E333-8FDC-42A3-9474-1A3956D46DE8}") = "RefDlls", "RefDlls", "{D8BDAB34-ADA8-4A55-9173-7A597ED6BF48}"
	ProjectSection(SolutionItems) = preProject
		RefDlls\log4net.dll = RefDlls\log4net.dll
		RefDlls\MySql.Data.dll = RefDlls\MySql.Data.dll
		RefDlls\Newtonsoft.Json.dll = RefDlls\Newtonsoft.Json.dll
	EndProjectSection
EndProject
Project("{FAE04EC0-301F-11D3-BF4B-00C04F79EFBC}") = "MySqlDBConnection", "MySqlDBConnection\MySqlDBConnection.csproj", "{FBC16FF4-B529-4F6A-AFF7-E0E31FD069A1}"
EndProject
Project("{FAE04EC0-301F-11D3-BF4B-00C04F79EFBC}") = "WebServer", "ConnectionBridgeServer\WebServer\WebServer\WebServer.csproj", "{1AE5024D-CD75-4B85-A03E-C418C10DDA9C}"
EndProject
Project("{FAE04EC0-301F-11D3-BF4B-00C04F79EFBC}") = "GPSTest", "ConnectionBridgeClient\GPSTest\GPSTest\GPSTest.csproj", "{9110E5C0-754A-43DA-A788-796627045E07}"
EndProject
Global
	GlobalSection(SolutionConfigurationPlatforms) = preSolution
		Debug|Any CPU = Debug|Any CPU
		Release|Any CPU = Release|Any CPU
	EndGlobalSection
	GlobalSection(ProjectConfigurationPlatforms) = postSolution
		{EE8D82CF-16DA-4D0D-B619-2D13AF2D0188}.Debug|Any CPU.ActiveCfg = Debug|Any CPU
		{EE8D82CF-16DA-4D0D-B619-2D13AF2D0188}.Debug|Any CPU.Build.0 = Debug|Any CPU
		{EE8D82CF-16DA-4D0D-B619-2D13AF2D0188}.Release|Any CPU.ActiveCfg = Release|Any CPU
		{EE8D82CF-16DA-4D0D-B619-2D13AF2D0188}.Release|Any CPU.Build.0 = Release|Any CPU
		{52D30C45-33C7-40F6-BDAC-4A0F27FCBDE2}.Debug|Any CPU.ActiveCfg = Debug|Any CPU
		{52D30C45-33C7-40F6-BDAC-4A0F27FCBDE2}.Debug|Any CPU.Build.0 = Debug|Any CPU
		{52D30C45-33C7-40F6-BDAC-4A0F27FCBDE2}.Release|Any CPU.ActiveCfg = Release|Any CPU
		{52D30C45-33C7-40F6-BDAC-4A0F27FCBDE2}.Release|Any CPU.Build.0 = Release|Any CPU
		{D32BA6C1-A167-4E95-ADF6-7C631981F167}.Debug|Any CPU.ActiveCfg = Debug|Any CPU
		{D32BA6C1-A167-4E95-ADF6-7C631981F167}.Debug|Any CPU.Build.0 = Debug|Any CPU
		{D32BA6C1-A167-4E95-ADF6-7C631981F167}.Release|Any CPU.ActiveCfg = Release|Any CPU
		{D32BA6C1-A167-4E95-ADF6-7C631981F167}.Release|Any CPU.Build.0 = Release|Any CPU
		{9E02A300-633C-4CEE-8378-1A8835F90C7C}.Debug|Any CPU.ActiveCfg = Debug|Any CPU
		{9E02A300-633C-4CEE-8378-1A8835F90C7C}.Debug|Any CPU.Build.0 = Debug|Any CPU
		{9E02A300-633C-4CEE-8378-1A8835F90C7C}.Release|Any CPU.ActiveCfg = Release|Any CPU
		{9E02A300-633C-4CEE-8378-1A8835F90C7C}.Release|Any CPU.Build.0 = Release|Any CPU
		{0134AADB-B648-46E0-AD08-EBEFD9A74698}.Debug|Any CPU.ActiveCfg = Debug|Any CPU
		{0134AADB-B648-46E0-AD08-EBEFD9A74698}.Debug|Any CPU.Build.0 = Debug|Any CPU
		{0134AADB-B648-46E0-AD08-EBEFD9A74698}.Release|Any CPU.ActiveCfg = Release|Any CPU
		{0134AADB-B648-46E0-AD08-EBEFD9A74698}.Release|Any CPU.Build.0 = Release|Any CPU
		{5F18ACD1-18CA-4BF8-9A93-1490750790CA}.Debug|Any CPU.ActiveCfg = Debug|Any CPU
		{5F18ACD1-18CA-4BF8-9A93-1490750790CA}.Debug|Any CPU.Build.0 = Debug|Any CPU
		{5F18ACD1-18CA-4BF8-9A93-1490750790CA}.Release|Any CPU.ActiveCfg = Release|Any CPU
		{5F18ACD1-18CA-4BF8-9A93-1490750790CA}.Release|Any CPU.Build.0 = Release|Any CPU
		{FBC16FF4-B529-4F6A-AFF7-E0E31FD069A1}.Debug|Any CPU.ActiveCfg = Debug|Any CPU
		{FBC16FF4-B529-4F6A-AFF7-E0E31FD069A1}.Debug|Any CPU.Build.0 = Debug|Any CPU
		{FBC16FF4-B529-4F6A-AFF7-E0E31FD069A1}.Release|Any CPU.ActiveCfg = Release|Any CPU
		{FBC16FF4-B529-4F6A-AFF7-E0E31FD069A1}.Release|Any CPU.Build.0 = Release|Any CPU
		{1AE5024D-CD75-4B85-A03E-C418C10DDA9C}.Debug|Any CPU.ActiveCfg = Debug|Any CPU
		{1AE5024D-CD75-4B85-A03E-C418C10DDA9C}.Debug|Any CPU.Build.0 = Debug|Any CPU
		{1AE5024D-CD75-4B85-A03E-C418C10DDA9C}.Release|Any CPU.ActiveCfg = Release|Any CPU
		{1AE5024D-CD75-4B85-A03E-C418C10DDA9C}.Release|Any CPU.Build.0 = Release|Any CPU
		{9110E5C0-754A-43DA-A788-796627045E07}.Debug|Any CPU.ActiveCfg = Debug|Any CPU
		{9110E5C0-754A-43DA-A788-796627045E07}.Debug|Any CPU.Build.0 = Debug|Any CPU
		{9110E5C0-754A-43DA-A788-796627045E07}.Release|Any CPU.ActiveCfg = Release|Any CPU
		{9110E5C0-754A-43DA-A788-796627045E07}.Release|Any CPU.Build.0 = Release|Any CPU
	EndGlobalSection
	GlobalSection(SolutionProperties) = preSolution
		HideSolutionNode = FALSE
	EndGlobalSection
	GlobalSection(NestedProjects) = preSolution
		{52D30C45-33C7-40F6-BDAC-4A0F27FCBDE2} = {3B22AA72-704A-4888-BA4C-A144FB3A9E1B}
		{D32BA6C1-A167-4E95-ADF6-7C631981F167} = {3B22AA72-704A-4888-BA4C-A144FB3A9E1B}
		{FBC16FF4-B529-4F6A-AFF7-E0E31FD069A1} = {3B22AA72-704A-4888-BA4C-A144FB3A9E1B}
	EndGlobalSection
	GlobalSection(ExtensibilityGlobals) = postSolution
		SolutionGuid = {257C1847-53F9-4F91-80B8-BBFE184D8663}
	EndGlobalSection
EndGlobal
